<?xml version="1.0" encoding="utf-8"?>
<Project ToolsVersion="4.0" xmlns="http://schemas.microsoft.com/developer/msbuild/2003">
  <ItemGroup>
    <Filter Include="Game">
      <UniqueIdentifier>{eecbfcb0-776d-4f41-bcc5-644b1fe9713d}</UniqueIdentifier>
    </Filter>
    <Filter Include="Game\AI">
      <UniqueIdentifier>{e51070ed-b44a-41e8-8817-60128f7552b7}</UniqueIdentifier>
    </Filter>
    <Filter Include="Game\Anim">
      <UniqueIdentifier>{7f693ffd-587f-4b70-ab2a-bf288af10ce6}</UniqueIdentifier>
    </Filter>
    <Filter Include="Game\GameSys">
      <UniqueIdentifier>{cd7139e9-eaa1-4bea-a20a-1f1fb97bbf3a}</UniqueIdentifier>
    </Filter>
    <Filter Include="Game\Physics">
      <UniqueIdentifier>{59fae3cc-cd8e-466b-bb16-c7c4b7fed788}</UniqueIdentifier>
    </Filter>
    <Filter Include="Game\Script">
      <UniqueIdentifier>{4dc34e64-938d-4ea7-bb3c-08fe5a9948e9}</UniqueIdentifier>
    </Filter>
  </ItemGroup>
  <ItemGroup>
    <ClCompile Include="game\AF.cpp">
      <Filter>Game</Filter>
    </ClCompile>
    <ClCompile Include="game\AFEntity.cpp">
      <Filter>Game</Filter>
    </ClCompile>
    <ClCompile Include="game\Actor.cpp">
      <Filter>Game</Filter>
    </ClCompile>
    <ClCompile Include="game\BrittleFracture.cpp">
      <Filter>Game</Filter>
    </ClCompile>
    <ClCompile Include="game\Camera.cpp">
      <Filter>Game</Filter>
    </ClCompile>
    <ClCompile Include="game\Entity.cpp">
      <Filter>Game</Filter>
    </ClCompile>
    <ClCompile Include="game\Fx.cpp">
      <Filter>Game</Filter>
    </ClCompile>
    <ClCompile Include="game\GameEdit.cpp">
      <Filter>Game</Filter>
    </ClCompile>
    <ClCompile Include="game\Game_local.cpp">
      <Filter>Game</Filter>
    </ClCompile>
    <ClCompile Include="game\Game_network.cpp">
      <Filter>Game</Filter>
    </ClCompile>
    <ClCompile Include="game\IK.cpp">
      <Filter>Game</Filter>
    </ClCompile>
    <ClCompile Include="game\Item.cpp">
      <Filter>Game</Filter>
    </ClCompile>
    <ClCompile Include="game\Light.cpp">
      <Filter>Game</Filter>
    </ClCompile>
    <ClCompile Include="game\Misc.cpp">
      <Filter>Game</Filter>
    </ClCompile>
    <ClCompile Include="game\Moveable.cpp">
      <Filter>Game</Filter>
    </ClCompile>
    <ClCompile Include="game\Mover.cpp">
      <Filter>Game</Filter>
    </ClCompile>
    <ClCompile Include="game\MultiplayerGame.cpp">
      <Filter>Game</Filter>
    </ClCompile>
    <ClCompile Include="game\Player.cpp">
      <Filter>Game</Filter>
    </ClCompile>
    <ClCompile Include="game\PlayerIcon.cpp">
      <Filter>Game</Filter>
    </ClCompile>
    <ClCompile Include="game\PlayerView.cpp">
      <Filter>Game</Filter>
    </ClCompile>
    <ClCompile Include="game\Projectile.cpp">
      <Filter>Game</Filter>
    </ClCompile>
    <ClCompile Include="game\Pvs.cpp">
      <Filter>Game</Filter>
    </ClCompile>
    <ClCompile Include="game\SecurityCamera.cpp">
      <Filter>Game</Filter>
    </ClCompile>
    <ClCompile Include="game\SmokeParticles.cpp">
      <Filter>Game</Filter>
    </ClCompile>
    <ClCompile Include="game\Sound.cpp">
      <Filter>Game</Filter>
    </ClCompile>
    <ClCompile Include="game\Target.cpp">
      <Filter>Game</Filter>
    </ClCompile>
    <ClCompile Include="game\Trigger.cpp">
      <Filter>Game</Filter>
    </ClCompile>
    <ClCompile Include="game\Weapon.cpp">
      <Filter>Game</Filter>
    </ClCompile>
    <ClCompile Include="game\WorldSpawn.cpp">
      <Filter>Game</Filter>
    </ClCompile>
    <ClCompile Include="game\ai\AAS.cpp">
      <Filter>Game\AI</Filter>
    </ClCompile>
    <ClCompile Include="game\ai\AAS_debug.cpp">
      <Filter>Game\AI</Filter>
    </ClCompile>
    <ClCompile Include="game\ai\AAS_pathing.cpp">
      <Filter>Game\AI</Filter>
    </ClCompile>
    <ClCompile Include="game\ai\AAS_routing.cpp">
      <Filter>Game\AI</Filter>
    </ClCompile>
    <ClCompile Include="game\ai\AI.cpp">
      <Filter>Game\AI</Filter>
    </ClCompile>
    <ClCompile Include="game\ai\AI_Vagary.cpp">
      <Filter>Game\AI</Filter>
    </ClCompile>
    <ClCompile Include="game\ai\AI_events.cpp">
      <Filter>Game\AI</Filter>
    </ClCompile>
    <ClCompile Include="game\ai\AI_pathing.cpp">
      <Filter>Game\AI</Filter>
    </ClCompile>
    <ClCompile Include="game\anim\Anim.cpp">
      <Filter>Game\Anim</Filter>
    </ClCompile>
    <ClCompile Include="game\anim\Anim_Blend.cpp">
      <Filter>Game\Anim</Filter>
    </ClCompile>
    <ClCompile Include="game\anim\Anim_Import.cpp">
      <Filter>Game\Anim</Filter>
    </ClCompile>
    <ClCompile Include="game\anim\Anim_Testmodel.cpp">
      <Filter>Game\Anim</Filter>
    </ClCompile>
    <ClCompile Include="game\gamesys\Class.cpp">
      <Filter>Game\GameSys</Filter>
    </ClCompile>
    <ClCompile Include="game\gamesys\DebugGraph.cpp">
      <Filter>Game\GameSys</Filter>
    </ClCompile>
    <ClCompile Include="game\gamesys\Event.cpp">
      <Filter>Game\GameSys</Filter>
    </ClCompile>
    <ClCompile Include="game\gamesys\SaveGame.cpp">
      <Filter>Game\GameSys</Filter>
    </ClCompile>
    <ClCompile Include="game\gamesys\SysCmds.cpp">
      <Filter>Game\GameSys</Filter>
    </ClCompile>
    <ClCompile Include="game\gamesys\SysCvar.cpp">
      <Filter>Game\GameSys</Filter>
    </ClCompile>
    <ClCompile Include="game\gamesys\TypeInfo.cpp">
      <Filter>Game\GameSys</Filter>
    </ClCompile>
    <ClCompile Include="game\physics\Clip.cpp">
      <Filter>Game\Physics</Filter>
    </ClCompile>
    <ClCompile Include="game\physics\Force.cpp">
      <Filter>Game\Physics</Filter>
    </ClCompile>
    <ClCompile Include="game\physics\Force_Constant.cpp">
      <Filter>Game\Physics</Filter>
    </ClCompile>
    <ClCompile Include="game\physics\Force_Drag.cpp">
      <Filter>Game\Physics</Filter>
    </ClCompile>
    <ClCompile Include="game\physics\Force_Field.cpp">
      <Filter>Game\Physics</Filter>
    </ClCompile>
    <ClCompile Include="game\physics\Force_Spring.cpp">
      <Filter>Game\Physics</Filter>
    </ClCompile>
    <ClCompile Include="game\physics\Physics.cpp">
      <Filter>Game\Physics</Filter>
    </ClCompile>
    <ClCompile Include="game\physics\Physics_AF.cpp">
      <Filter>Game\Physics</Filter>
    </ClCompile>
    <ClCompile Include="game\physics\Physics_Actor.cpp">
      <Filter>Game\Physics</Filter>
    </ClCompile>
    <ClCompile Include="game\physics\Physics_Base.cpp">
      <Filter>Game\Physics</Filter>
    </ClCompile>
    <ClCompile Include="game\physics\Physics_Monster.cpp">
      <Filter>Game\Physics</Filter>
    </ClCompile>
    <ClCompile Include="game\physics\Physics_Parametric.cpp">
      <Filter>Game\Physics</Filter>
    </ClCompile>
    <ClCompile Include="game\physics\Physics_Player.cpp">
      <Filter>Game\Physics</Filter>
    </ClCompile>
    <ClCompile Include="game\physics\Physics_RigidBody.cpp">
      <Filter>Game\Physics</Filter>
    </ClCompile>
    <ClCompile Include="game\physics\Physics_Static.cpp">
      <Filter>Game\Physics</Filter>
    </ClCompile>
    <ClCompile Include="game\physics\Physics_StaticMulti.cpp">
      <Filter>Game\Physics</Filter>
    </ClCompile>
    <ClCompile Include="game\physics\Push.cpp">
      <Filter>Game\Physics</Filter>
    </ClCompile>
    <ClCompile Include="game\script\Script_Compiler.cpp">
      <Filter>Game\Script</Filter>
    </ClCompile>
    <ClCompile Include="game\script\Script_Interpreter.cpp">
      <Filter>Game\Script</Filter>
    </ClCompile>
    <ClCompile Include="game\script\Script_Program.cpp">
      <Filter>Game\Script</Filter>
    </ClCompile>
    <ClCompile Include="game\script\Script_Thread.cpp">
      <Filter>Game\Script</Filter>
    </ClCompile>
  </ItemGroup>
  <ItemGroup>
    <ClInclude Include="game\AF.h">
      <Filter>Game</Filter>
    </ClInclude>
    <ClInclude Include="game\AFEntity.h">
      <Filter>Game</Filter>
    </ClInclude>
    <ClInclude Include="game\Actor.h">
      <Filter>Game</Filter>
    </ClInclude>
    <ClInclude Include="game\BrittleFracture.h">
      <Filter>Game</Filter>
    </ClInclude>
    <ClInclude Include="game\Camera.h">
      <Filter>Game</Filter>
    </ClInclude>
    <ClInclude Include="game\Entity.h">
      <Filter>Game</Filter>
    </ClInclude>
    <ClInclude Include="game\Fx.h">
      <Filter>Game</Filter>
    </ClInclude>
    <ClInclude Include="game\Game.h">
      <Filter>Game</Filter>
    </ClInclude>
    <ClInclude Include="game\GameEdit.h">
      <Filter>Game</Filter>
    </ClInclude>
    <ClInclude Include="game\Game_local.h">
      <Filter>Game</Filter>
    </ClInclude>
    <ClInclude Include="game\IK.h">
      <Filter>Game</Filter>
    </ClInclude>
    <ClInclude Include="game\Item.h">
      <Filter>Game</Filter>
    </ClInclude>
    <ClInclude Include="game\Light.h">
      <Filter>Game</Filter>
    </ClInclude>
    <ClInclude Include="game\Misc.h">
      <Filter>Game</Filter>
    </ClInclude>
    <ClInclude Include="game\Moveable.h">
      <Filter>Game</Filter>
    </ClInclude>
    <ClInclude Include="game\Mover.h">
      <Filter>Game</Filter>
    </ClInclude>
    <ClInclude Include="game\MultiplayerGame.h">
      <Filter>Game</Filter>
    </ClInclude>
    <ClInclude Include="game\Player.h">
      <Filter>Game</Filter>
    </ClInclude>
    <ClInclude Include="game\PlayerIcon.h">
      <Filter>Game</Filter>
    </ClInclude>
    <ClInclude Include="game\PlayerView.h">
      <Filter>Game</Filter>
    </ClInclude>
    <ClInclude Include="game\Projectile.h">
      <Filter>Game</Filter>
    </ClInclude>
    <ClInclude Include="game\Pvs.h">
      <Filter>Game</Filter>
    </ClInclude>
    <ClInclude Include="game\SecurityCamera.h">
      <Filter>Game</Filter>
    </ClInclude>
    <ClInclude Include="game\SmokeParticles.h">
      <Filter>Game</Filter>
    </ClInclude>
    <ClInclude Include="game\Sound.h">
      <Filter>Game</Filter>
    </ClInclude>
    <ClInclude Include="game\Target.h">
      <Filter>Game</Filter>
    </ClInclude>
    <ClInclude Include="game\Trigger.h">
      <Filter>Game</Filter>
    </ClInclude>
    <ClInclude Include="game\Weapon.h">
      <Filter>Game</Filter>
    </ClInclude>
    <ClInclude Include="game\WorldSpawn.h">
      <Filter>Game</Filter>
    </ClInclude>
    <ClInclude Include="game\ai\AAS.h">
      <Filter>Game\AI</Filter>
    </ClInclude>
    <ClInclude Include="game\ai\AAS_local.h">
      <Filter>Game\AI</Filter>
    </ClInclude>
    <ClInclude Include="game\ai\AI.h">
      <Filter>Game\AI</Filter>
    </ClInclude>
    <ClInclude Include="game\anim\Anim.h">
      <Filter>Game\Anim</Filter>
    </ClInclude>
    <ClInclude Include="game\anim\Anim_Testmodel.h">
      <Filter>Game\Anim</Filter>
    </ClInclude>
    <ClInclude Include="game\gamesys\Class.h">
      <Filter>Game\GameSys</Filter>
    </ClInclude>
    <ClInclude Include="game\gamesys\DebugGraph.h">
      <Filter>Game\GameSys</Filter>
    </ClInclude>
    <ClInclude Include="game\gamesys\Event.h">
      <Filter>Game\GameSys</Filter>
    </ClInclude>
    <ClInclude Include="game\gamesys\NoGameTypeInfo.h">
      <Filter>Game\GameSys</Filter>
    </ClInclude>
    <ClInclude Include="game\gamesys\SaveGame.h">
      <Filter>Game\GameSys</Filter>
    </ClInclude>
    <ClInclude Include="game\gamesys\SysCmds.h">
      <Filter>Game\GameSys</Filter>
    </ClInclude>
    <ClInclude Include="game\gamesys\SysCvar.h">
      <Filter>Game\GameSys</Filter>
    </ClInclude>
    <ClInclude Include="game\gamesys\TypeInfo.h">
      <Filter>Game\GameSys</Filter>
    </ClInclude>
    <ClInclude Include="game\physics\Clip.h">
      <Filter>Game\Physics</Filter>
    </ClInclude>
    <ClInclude Include="game\physics\Force.h">
      <Filter>Game\Physics</Filter>
    </ClInclude>
    <ClInclude Include="game\physics\Force_Constant.h">
      <Filter>Game\Physics</Filter>
    </ClInclude>
    <ClInclude Include="game\physics\Force_Drag.h">
      <Filter>Game\Physics</Filter>
    </ClInclude>
    <ClInclude Include="game\physics\Force_Field.h">
      <Filter>Game\Physics</Filter>
    </ClInclude>
    <ClInclude Include="game\physics\Force_Spring.h">
      <Filter>Game\Physics</Filter>
    </ClInclude>
    <ClInclude Include="game\physics\Physics.h">
      <Filter>Game\Physics</Filter>
    </ClInclude>
    <ClInclude Include="game\physics\Physics_AF.h">
      <Filter>Game\Physics</Filter>
    </ClInclude>
    <ClInclude Include="game\physics\Physics_Actor.h">
      <Filter>Game\Physics</Filter>
    </ClInclude>
    <ClInclude Include="game\physics\Physics_Base.h">
      <Filter>Game\Physics</Filter>
    </ClInclude>
    <ClInclude Include="game\physics\Physics_Monster.h">
      <Filter>Game\Physics</Filter>
    </ClInclude>
    <ClInclude Include="game\physics\Physics_Parametric.h">
      <Filter>Game\Physics</Filter>
    </ClInclude>
    <ClInclude Include="game\physics\Physics_Player.h">
      <Filter>Game\Physics</Filter>
    </ClInclude>
    <ClInclude Include="game\physics\Physics_RigidBody.h">
      <Filter>Game\Physics</Filter>
    </ClInclude>
    <ClInclude Include="game\physics\Physics_Static.h">
      <Filter>Game\Physics</Filter>
    </ClInclude>
    <ClInclude Include="game\physics\Physics_StaticMulti.h">
      <Filter>Game\Physics</Filter>
    </ClInclude>
    <ClInclude Include="game\physics\Push.h">
      <Filter>Game\Physics</Filter>
    </ClInclude>
    <ClInclude Include="game\script\Script_Compiler.h">
      <Filter>Game\Script</Filter>
    </ClInclude>
    <ClInclude Include="game\script\Script_Interpreter.h">
      <Filter>Game\Script</Filter>
    </ClInclude>
    <ClInclude Include="game\script\Script_Program.h">
      <Filter>Game\Script</Filter>
    </ClInclude>
    <ClInclude Include="game\script\Script_Thread.h">
      <Filter>Game\Script</Filter>
    </ClInclude>
  </ItemGroup>
  <ItemGroup>
    <None Include="game\Game.def" />
  </ItemGroup>
</Project>